<?xml version="1.0" encoding="utf-8"?>
<Project ToolsVersion="4.0" xmlns="http://schemas.microsoft.com/developer/msbuild/2003">
  <ItemGroup>
    <Filter Include="Assets">
      <UniqueIdentifier>3667300b-2f33-4384-905e-ff0e075b0140</UniqueIdentifier>
      <Extensions>bmp;fbx;gif;jpg;jpeg;tga;tiff;tif;png</Extensions>
    </Filter>
    <Image Include="Assets\LockScreenLogo.scale-200.png">
      <Filter>Assets</Filter>
    </Image>
    <Image Include="Assets\SplashScreen.scale-200.png">
      <Filter>Assets</Filter>
    </Image>
    <Image Include="Assets\Square150x150Logo.scale-200.png">
      <Filter>Assets</Filter>
    </Image>
    <Image Include="Assets\Square44x44Logo.scale-200.png">
      <Filter>Assets</Filter>
    </Image>
    <Image Include="Assets\Square44x44Logo.targetsize-24_altform-unplated.png">
      <Filter>Assets</Filter>
    </Image>
    <Image Include="Assets\Wide310x150Logo.scale-200.png">
      <Filter>Assets</Filter>
    </Image>
    <Filter Include="source">
      <UniqueIdentifier>{d3fdede2-adeb-425d-8055-68ab011daf1d}</UniqueIdentifier>
    </Filter>
    <Filter Include="include">
      <UniqueIdentifier>{56e6702c-f4be-417b-9287-20511e0065b7}</UniqueIdentifier>
    </Filter>
    <!-- AUTO-GENERATED DATA FILTERS BEGIN -->
    <Filter Include="data">
      <UniqueIdentifier>{B1A1B8F4-7B2E-4B7D-9B2D-000000000001}</UniqueIdentifier>
    </Filter>
    <Filter Include="data\font">
      <UniqueIdentifier>{B1A1B8F4-7B2E-4B7D-9B2D-000000000002}</UniqueIdentifier>
    </Filter>
    <Filter Include="data\music">
      <UniqueIdentifier>{B1A1B8F4-7B2E-4B7D-9B2D-000000000003}</UniqueIdentifier>
    </Filter>
    <Filter Include="data\levels-original">
      <UniqueIdentifier>{B1A1B8F4-7B2E-4B7D-9B2D-000000000004}</UniqueIdentifier>
    </Filter>
    <Filter Include="data\levels-test">
      <UniqueIdentifier>{B1A1B8F4-7B2E-4B7D-9B2D-000000000005}</UniqueIdentifier>
    </Filter>
    <Filter Include="data\VDUNGEON">
      <UniqueIdentifier>{B1A1B8F4-7B2E-4B7D-9B2D-000000000006}</UniqueIdentifier>
    </Filter>
    <Filter Include="data\FAT">
      <UniqueIdentifier>{B1A1B8F4-7B2E-4B7D-9B2D-000000000007}</UniqueIdentifier>
    </Filter>
    <Filter Include="data\GUARD">
      <UniqueIdentifier>{B1A1B8F4-7B2E-4B7D-9B2D-000000000008}</UniqueIdentifier>
    </Filter>
    <Filter Include="data\GUARD1">
      <UniqueIdentifier>{B1A1B8F4-7B2E-4B7D-9B2D-000000000009}</UniqueIdentifier>
    </Filter>
    <Filter Include="data\IBM_SND1">
      <UniqueIdentifier>{B1A1B8F4-7B2E-4B7D-9B2D-000000000010}</UniqueIdentifier>
    </Filter>
    <Filter Include="data\IBM_SND2">
      <UniqueIdentifier>{B1A1B8F4-7B2E-4B7D-9B2D-000000000011}</UniqueIdentifier>
    </Filter>
    <Filter Include="data\LEVELS">
      <UniqueIdentifier>{B1A1B8F4-7B2E-4B7D-9B2D-000000000012}</UniqueIdentifier>
    </Filter>
    <Filter Include="data\PRINCE">
      <UniqueIdentifier>{B1A1B8F4-7B2E-4B7D-9B2D-000000000013}</UniqueIdentifier>
    </Filter>
    <!-- AUTO-GENERATED DATA FILTERS END -->
  </ItemGroup>
  <ItemGroup>
    <AppxManifest Include="Package.appxmanifest" />
  </ItemGroup>
  <ItemGroup>
    <ClCompile Include="..\src\data.c">
      <Filter>source</Filter>
    </ClCompile>
    <ClCompile Include="..\src\lighting.c">
      <Filter>source</Filter>
    </ClCompile>
    <ClCompile Include="..\src\main.c">
      <Filter>source</Filter>
    </ClCompile>
    <ClCompile Include="..\src\menu.c">
      <Filter>source</Filter>
    </ClCompile>
    <ClCompile Include="..\src\midi.c">
      <Filter>source</Filter>
    </ClCompile>
    <ClCompile Include="..\src\opl3.c">
      <Filter>source</Filter>
    </ClCompile>
    <ClCompile Include="..\src\options.c">
      <Filter>source</Filter>
    </ClCompile>
    <ClCompile Include="..\src\replay.c">
      <Filter>source</Filter>
    </ClCompile>
    <ClCompile Include="..\src\screenshot.c">
      <Filter>source</Filter>
    </ClCompile>
    <ClCompile Include="..\src\seg000.c">
      <Filter>source</Filter>
    </ClCompile>
    <ClCompile Include="..\src\seg002.c">
      <Filter>source</Filter>
    </ClCompile>
    <ClCompile Include="..\src\seg001.c">
      <Filter>source</Filter>
    </ClCompile>
    <ClCompile Include="..\src\stb_vorbis.c">
      <Filter>source</Filter>
    </ClCompile>
    <ClCompile Include="..\src\seg003.c">
      <Filter>source</Filter>
    </ClCompile>
    <ClCompile Include="..\src\seg004.c">
      <Filter>source</Filter>
    </ClCompile>
    <ClCompile Include="..\src\seg005.c">
      <Filter>source</Filter>
    </ClCompile>
    <ClCompile Include="..\src\seg006.c">
      <Filter>source</Filter>
    </ClCompile>
    <ClCompile Include="..\src\seg007.c">
      <Filter>source</Filter>
    </ClCompile>
    <ClCompile Include="..\src\seg008.c">
      <Filter>source</Filter>
    </ClCompile>
    <ClCompile Include="..\src\seg009.cpp">
      <Filter>source</Filter>
    </ClCompile>
    <ClCompile Include="..\src\seqtbl.c">
      <Filter>source</Filter>
    </ClCompile>
    <ClCompile Include="Externals\SDL2\src\main\winrt\SDL_winrt_main_NonXAML.cpp" />
  </ItemGroup>
  <ItemGroup>
    <ClInclude Include="..\src\common.h">
      <Filter>include</Filter>
    </ClInclude>
    <ClInclude Include="..\src\config.h">
      <Filter>include</Filter>
    </ClInclude>
    <ClInclude Include="..\src\data.h">
      <Filter>include</Filter>
    </ClInclude>
    <ClInclude Include="..\src\GPLv3.h">
      <Filter>include</Filter>
    </ClInclude>
    <ClInclude Include="..\src\opl3.h">
      <Filter>include</Filter>
    </ClInclude>
    <ClInclude Include="..\src\proto.h">
      <Filter>include</Filter>
    </ClInclude>
    <ClInclude Include="..\src\types.h">
      <Filter>include</Filter>
    </ClInclude>
  </ItemGroup>
  <ItemGroup>
    <None Include="..\SDLPoP.ini" />
    <None Include="SDLPop_TemporaryKey.pfx" />
    <None Include="Externals\SDL2\src\main\winrt\SDL2-WinRTResource_BlankCursor.cur" />
    <None Include="..\data\IBM_SND1\res10000.bin" />
    <None Include="..\data\IBM_SND1\res10001.bin" />
    <None Include="..\data\IBM_SND1\res10002.bin" />
    <None Include="..\data\IBM_SND1\res10003.bin" />
    <None Include="..\data\IBM_SND1\res10004.bin" />
    <None Include="..\data\IBM_SND1\res10005.bin" />
    <None Include="..\data\IBM_SND1\res10006.bin" />
    <None Include="..\data\IBM_SND1\res10007.bin" />
    <None Include="..\data\IBM_SND1\res10008.bin" />
    <None Include="..\data\IBM_SND1\res10009.bin" />
    <None Include="..\data\IBM_SND1\res10010.bin" />
    <None Include="..\data\IBM_SND1\res10011.bin" />
    <None Include="..\data\IBM_SND1\res10012.bin" />
    <None Include="..\data\IBM_SND1\res10013.bin" />
    <None Include="..\data\IBM_SND1\res10014.bin" />
    <None Include="..\data\IBM_SND1\res10015.bin" />
    <None Include="..\data\IBM_SND1\res10016.bin" />
    <None Include="..\data\IBM_SND1\res10017.bin" />
    <None Include="..\data\IBM_SND1\res10018.bin" />
    <None Include="..\data\IBM_SND1\res10019.bin" />
    <None Include="..\data\IBM_SND1\res10020.bin" />
    <None Include="..\data\IBM_SND1\res10021.bin" />
    <None Include="..\data\IBM_SND1\res10022.bin" />
    <None Include="..\data\IBM_SND1\res10023.bin" />
    <None Include="..\data\IBM_SND1\res10024.bin" />
    <None Include="..\data\IBM_SND1\res10025.bin" />
    <None Include="..\data\IBM_SND1\res10026.bin" />
    <None Include="..\data\IBM_SND1\res10027.bin" />
    <None Include="..\data\IBM_SND1\res10028.bin" />
    <None Include="..\data\IBM_SND1\res10029.bin" />
    <None Include="..\data\IBM_SND1\res10030.bin" />
    <None Include="..\data\IBM_SND1\res10031.bin" />
    <None Include="..\data\IBM_SND1\res10032.bin" />
    <None Include="..\data\IBM_SND1\res10033.bin" />
    <None Include="..\data\IBM_SND1\res10034.bin" />
    <None Include="..\data\IBM_SND1\res10035.bin" />
    <None Include="..\data\IBM_SND1\res10036.bin" />
    <None Include="..\data\IBM_SND1\res10037.bin" />
    <None Include="..\data\IBM_SND1\res10038.bin" />
    <None Include="..\data\IBM_SND1\res10039.bin" />
    <None Include="..\data\IBM_SND1\res10040.bin" />
    <None Include="..\data\IBM_SND1\res10041.bin" />
    <None Include="..\data\IBM_SND1\res10042.bin" />
    <None Include="..\data\IBM_SND1\res10043.bin" />
    <None Include="..\data\IBM_SND2\res10044.bin" />
    <None Include="..\data\IBM_SND2\res10045.bin" />
    <None Include="..\data\IBM_SND2\res10046.bin" />
    <None Include="..\data\IBM_SND2\res10047.bin" />
    <None Include="..\data\IBM_SND2\res10048.bin" />
    <None Include="..\data\IBM_SND2\res10049.bin" />
    <None Include="..\data\IBM_SND2\res10050.bin" />
    <None Include="..\data\IBM_SND2\res10051.bin" />
    <None Include="..\data\IBM_SND2\res10052.bin" />
    <None Include="..\data\IBM_SND2\res10053.bin" />
    <None Include="..\data\IBM_SND2\res10054.bin" />
    <None Include="..\data\IBM_SND2\res10055.bin" />
    <None Include="..\data\IBM_SND2\res10056.bin" />
    <None Include="..\data\LEVELS\res2000.bin" />
    <None Include="..\data\LEVELS\res2001.bin" />
    <None Include="..\data\LEVELS\res2002.bin" />
    <None Include="..\data\LEVELS\res2003.bin" />
    <None Include="..\data\LEVELS\res2004.bin" />
    <None Include="..\data\LEVELS\res2005.bin" />
    <None Include="..\data\LEVELS\res2006.bin" />
    <None Include="..\data\LEVELS\res2007.bin" />
    <None Include="..\data\LEVELS\res2008.bin" />
    <None Include="..\data\LEVELS\res2009.bin" />
    <None Include="..\data\LEVELS\res2010.bin" />
    <None Include="..\data\LEVELS\res2011.bin" />
    <None Include="..\data\LEVELS\res2012.bin" />
    <None Include="..\data\LEVELS\res2013.bin" />
    <None Include="..\data\LEVELS\res2014.bin" />
    <None Include="..\data\LEVELS\res2015.bin" />
    <None Include="..\data\levels-original\res2000.bin" />
    <None Include="..\data\levels-original\res2001.bin" />
    <None Include="..\data\levels-original\res2002.bin" />
    <None Include="..\data\levels-original\res2003.bin" />
    <None Include="..\data\levels-original\res2004.bin" />
    <None Include="..\data\levels-original\res2005.bin" />
    <None Include="..\data\levels-original\res2006.bin" />
    <None Include="..\data\levels-original\res2007.bin" />
    <None Include="..\data\levels-original\res2008.bin" />
    <None Include="..\data\levels-original\res2009.bin" />
    <None Include="..\data\levels-original\res2010.bin" />
    <None Include="..\data\levels-original\res2011.bin" />
    <None Include="..\data\levels-original\res2012.bin" />
    <None Include="..\data\levels-original\res2013.bin" />
    <None Include="..\data\levels-original\res2014.bin" />
    <None Include="..\data\levels-original\res2015.bin" />
    <None Include="..\data\PRINCE\res1.bin" />
    <None Include="..\data\PRINCE\res10.bin" />
  </ItemGroup>
  <ItemGroup>
    <ResourceCompile Include="Externals\SDL2\src\main\winrt\SDL2-WinRTResources.rc" />
  </ItemGroup>
  <ItemGroup>
    <Image Include="Assets\SmallTile.scale-100.png">
      <Filter>Assets</Filter>
    </Image>
    <Image Include="Assets\SmallTile.scale-125.png">
      <Filter>Assets</Filter>
    </Image>
    <Image Include="Assets\SmallTile.scale-150.png">
      <Filter>Assets</Filter>
    </Image>
    <Image Include="Assets\SmallTile.scale-200.png">
      <Filter>Assets</Filter>
    </Image>
    <Image Include="Assets\SmallTile.scale-400.png">
      <Filter>Assets</Filter>
    </Image>
    <Image Include="Assets\Square150x150Logo.scale-100.png">
      <Filter>Assets</Filter>
    </Image>
    <Image Include="Assets\Square150x150Logo.scale-125.png">
      <Filter>Assets</Filter>
    </Image>
    <Image Include="Assets\Square150x150Logo.scale-150.png">
      <Filter>Assets</Filter>
    </Image>
    <Image Include="Assets\Square150x150Logo.scale-400.png">
      <Filter>Assets</Filter>
    </Image>
    <Image Include="Assets\Wide310x150Logo.scale-100.png">
      <Filter>Assets</Filter>
    </Image>
    <Image Include="Assets\Wide310x150Logo.scale-125.png">
      <Filter>Assets</Filter>
    </Image>
    <Image Include="Assets\Wide310x150Logo.scale-150.png">
      <Filter>Assets</Filter>
    </Image>
    <Image Include="Assets\Wide310x150Logo.scale-400.png">
      <Filter>Assets</Filter>
    </Image>
    <Image Include="Assets\Square44x44Logo.scale-100.png">
      <Filter>Assets</Filter>
    </Image>
    <Image Include="Assets\Square44x44Logo.scale-125.png">
      <Filter>Assets</Filter>
    </Image>
    <Image Include="Assets\Square44x44Logo.scale-150.png">
      <Filter>Assets</Filter>
    </Image>
    <Image Include="Assets\Square44x44Logo.scale-400.png">
      <Filter>Assets</Filter>
    </Image>
    <Image Include="Assets\Square44x44Logo.targetsize-16.png">
      <Filter>Assets</Filter>
    </Image>
    <Image Include="Assets\Square44x44Logo.targetsize-24.png">
      <Filter>Assets</Filter>
    </Image>
    <Image Include="Assets\Square44x44Logo.targetsize-32.png">
      <Filter>Assets</Filter>
    </Image>
    <Image Include="Assets\Square44x44Logo.targetsize-48.png">
      <Filter>Assets</Filter>
    </Image>
    <Image Include="Assets\Square44x44Logo.targetsize-256.png">
      <Filter>Assets</Filter>
    </Image>
    <Image Include="Assets\Square44x44Logo.altform-unplated_targetsize-16.png">
      <Filter>Assets</Filter>
    </Image>
    <Image Include="Assets\Square44x44Logo.altform-unplated_targetsize-32.png">
      <Filter>Assets</Filter>
    </Image>
    <Image Include="Assets\Square44x44Logo.altform-unplated_targetsize-48.png">
      <Filter>Assets</Filter>
    </Image>
    <Image Include="Assets\Square44x44Logo.altform-unplated_targetsize-256.png">
      <Filter>Assets</Filter>
    </Image>
    <Image Include="Assets\Square44x44Logo.altform-lightunplated_targetsize-16.png">
      <Filter>Assets</Filter>
    </Image>
    <Image Include="Assets\Square44x44Logo.altform-lightunplated_targetsize-24.png">
      <Filter>Assets</Filter>
    </Image>
    <Image Include="Assets\Square44x44Logo.altform-lightunplated_targetsize-32.png">
      <Filter>Assets</Filter>
    </Image>
    <Image Include="Assets\Square44x44Logo.altform-lightunplated_targetsize-48.png">
      <Filter>Assets</Filter>
    </Image>
    <Image Include="Assets\Square44x44Logo.altform-lightunplated_targetsize-256.png">
      <Filter>Assets</Filter>
    </Image>
    <Image Include="Assets\SplashScreen.scale-100.png">
      <Filter>Assets</Filter>
    </Image>
    <Image Include="Assets\SplashScreen.scale-125.png">
      <Filter>Assets</Filter>
    </Image>
    <Image Include="Assets\SplashScreen.scale-150.png">
      <Filter>Assets</Filter>
    </Image>
    <Image Include="Assets\SplashScreen.scale-400.png">
      <Filter>Assets</Filter>
    </Image>
    <Image Include="Assets\StoreLogo.scale-100.png">
      <Filter>Assets</Filter>
    </Image>
    <Image Include="Assets\StoreLogo.scale-125.png">
      <Filter>Assets</Filter>
    </Image>
    <Image Include="Assets\StoreLogo.scale-150.png">
      <Filter>Assets</Filter>
    </Image>
    <Image Include="Assets\StoreLogo.scale-200.png">
      <Filter>Assets</Filter>
    </Image>
    <Image Include="Assets\StoreLogo.scale-400.png">
      <Filter>Assets</Filter>
    </Image>
    <Image Include="..\data\icon.png">
      <Filter>Assets</Filter>
    </Image>
    <Image Include="..\data\light.png">
      <Filter>Assets</Filter>
    </Image>
    <Image Include="Assets\LargeTile.scale-100.png">
      <Filter>Assets</Filter>
    </Image>
    <Image Include="Assets\LargeTile.scale-125.png">
      <Filter>Assets</Filter>
    </Image>
    <Image Include="Assets\LargeTile.scale-150.png">
      <Filter>Assets</Filter>
    </Image>
    <Image Include="Assets\LargeTile.scale-200.png">
      <Filter>Assets</Filter>
    </Image>
    <Image Include="Assets\LargeTile.scale-400.png">
      <Filter>Assets</Filter>
    </Image>
    <!-- BEGIN AUTO-GENERATED FILTERS LIST: All missing files from src/data recursively -->
    <!-- AUTO-GENERATED START -->
    <None Include="..\data\font\res1000.pal">
      <Filter>data\font</Filter>
    </None>
    <None Include="..\data\font\res1032.png">
      <Filter>data\font</Filter>
    </None>
    <None Include="..\data\font\res1033.png">
      <Filter>data\font</Filter>
    </None>
    <None Include="..\data\font\res1034.png">
      <Filter>data\font</Filter>
    </None>
    <None Include="..\data\font\res1035.png">
      <Filter>data\font</Filter>
    </None>
    <None Include="..\data\font\res1036.png">
      <Filter>data\font</Filter>
    </None>
    <None Include="..\data\font\res1037.png">
      <Filter>data\font</Filter>
    </None>
    <None Include="..\data\font\res1038.png">
      <Filter>data\font</Filter>
    </None>
    <None Include="..\data\font\res1039.png">
      <Filter>data\font</Filter>
    </None>
    <None Include="..\data\font\res1040.png">
      <Filter>data\font</Filter>
    </None>
    <None Include="..\data\font\res1041.png">
      <Filter>data\font</Filter>
    </None>
    <None Include="..\data\font\res1042.png">
      <Filter>data\font</Filter>
    </None>
    <None Include="..\data\font\res1043.png">
      <Filter>data\font</Filter>
    </None>
    <None Include="..\data\font\res1044.png">
      <Filter>data\font</Filter>
    </None>
    <None Include="..\data\font\res1045.png">
      <Filter>data\font</Filter>
    </None>
    <None Include="..\data\font\res1046.png">
      <Filter>data\font</Filter>
    </None>
    <None Include="..\data\font\res1047.png">
      <Filter>data\font</Filter>
    </None>
    <None Include="..\data\font\res1048.png">
      <Filter>data\font</Filter>
    </None>
    <None Include="..\data\font\res1049.png">
      <Filter>data\font</Filter>
    </None>
    <None Include="..\data\font\res1050.png">
      <Filter>data\font</Filter>
    </None>
    <None Include="..\data\font\res1051.png">
      <Filter>data\font</Filter>
    </None>
    <None Include="..\data\font\res1052.png">
      <Filter>data\font</Filter>
    </None>
    <None Include="..\data\font\res1053.png">
      <Filter>data\font</Filter>
    </None>
    <None Include="..\data\font\res1054.png">
      <Filter>data\font</Filter>
    </None>
    <None Include="..\data\font\res1055.png">
      <Filter>data\font</Filter>
    </None>
    <None Include="..\data\font\res1056.png">
      <Filter>data\font</Filter>
    </None>
    <None Include="..\data\font\res1057.png">
      <Filter>data\font</Filter>
    </None>
    <None Include="..\data\font\res1058.png">
      <Filter>data\font</Filter>
    </None>
    <None Include="..\data\font\res1059.png">
      <Filter>data\font</Filter>
    </None>
    <None Include="..\data\font\res1060.png">
      <Filter>data\font</Filter>
    </None>
    <None Include="..\data\font\res1061.png">
      <Filter>data\font</Filter>
    </None>
    <None Include="..\data\font\res1062.png">
      <Filter>data\font</Filter>
    </None>
    <None Include="..\data\font\res1063.png">
      <Filter>data\font</Filter>
    </None>
    <None Include="..\data\font\res1064.png">
      <Filter>data\font</Filter>
    </None>
    <None Include="..\data\font\res1065.png">
      <Filter>data\font</Filter>
    </None>
    <None Include="..\data\font\res1066.png">
      <Filter>data\font</Filter>
    </None>
    <None Include="..\data\font\res1067.png">
      <Filter>data\font</Filter>
    </None>
    <None Include="..\data\font\res1068.png">
      <Filter>data\font</Filter>
    </None>
    <None Include="..\data\font\res1069.png">
      <Filter>data\font</Filter>
    </None>
    <None Include="..\data\font\res1070.png">
      <Filter>data\font</Filter>
    </None>
    <None Include="..\data\font\res1071.png">
      <Filter>data\font</Filter>
    </None>
    <None Include="..\data\font\res1072.png">
      <Filter>data\font</Filter>
    </None>
    <None Include="..\data\font\res1073.png">
      <Filter>data\font</Filter>
    </None>
    <None Include="..\data\font\res1074.png">
      <Filter>data\font</Filter>
    </None>
    <None Include="..\data\font\res1075.png">
      <Filter>data\font</Filter>
    </None>
    <None Include="..\data\font\res1076.png">
      <Filter>data\font</Filter>
    </None>
    <None Include="..\data\font\res1077.png">
      <Filter>data\font</Filter>
    </None>
    <None Include="..\data\font\res1078.png">
      <Filter>data\font</Filter>
    </None>
    <None Include="..\data\font\res1079.png">
      <Filter>data\font</Filter>
    </None>
    <None Include="..\data\font\res1080.png">
      <Filter>data\font</Filter>
    </None>
    <None Include="..\data\font\res1081.png">
      <Filter>data\font</Filter>
    </None>
    <None Include="..\data\font\res1082.png">
      <Filter>data\font</Filter>
    </None>
    <None Include="..\data\font\res1083.png">
      <Filter>data\font</Filter>
    </None>
    <None Include="..\data\font\res1084.png">
      <Filter>data\font</Filter>
    </None>
    <None Include="..\data\font\res1085.png">
      <Filter>data\font</Filter>
    </None>
    <None Include="..\data\font\res1086.png">
      <Filter>data\font</Filter>
    </None>
    <None Include="..\data\font\res1087.png">
      <Filter>data\font</Filter>
    </None>
    <None Include="..\data\font\res1088.png">
      <Filter>data\font</Filter>
    </None>
    <None Include="..\data\font\res1089.png">
      <Filter>data\font</Filter>
    </None>
    <None Include="..\data\font\res1090.png">
      <Filter>data\font</Filter>
    </None>
    <None Include="..\data\font\res1091.png">
      <Filter>data\font</Filter>
    </None>
    <None Include="..\data\font\res1092.png">
      <Filter>data\font</Filter>
    </None>
    <None Include="..\data\font\res1093.png">
      <Filter>data\font</Filter>
    </None>
    <None Include="..\data\font\res1094.png">
      <Filter>data\font</Filter>
    </None>
    <None Include="..\data\font\res1095.png">
      <Filter>data\font</Filter>
    </None>
    <None Include="..\data\font\res1096.png">
      <Filter>data\font</Filter>
    </None>
    <None Include="..\data\font\res1097.png">
      <Filter>data\font</Filter>
    </None>
    <None Include="..\data\font\res1098.png">
      <Filter>data\font</Filter>
    </None>
    <None Include="..\data\font\res1099.png">
      <Filter>data\font</Filter>
    </None>
    <None Include="..\data\font\res1100.png">
      <Filter>data\font</Filter>
    </None>
    <None Include="..\data\font\res1101.png">
      <Filter>data\font</Filter>
    </None>
    <None Include="..\data\font\res1102.png">
      <Filter>data\font</Filter>
    </None>
    <None Include="..\data\font\res1103.png">
      <Filter>data\font</Filter>
    </None>
    <None Include="..\data\font\res1104.png">
      <Filter>data\font</Filter>
    </None>
    <None Include="..\data\font\res1105.png">
      <Filter>data\font</Filter>
    </None>
    <None Include="..\data\font\res1106.png">
      <Filter>data\font</Filter>
    </None>
    <None Include="..\data\font\res1107.png">
      <Filter>data\font</Filter>
    </None>
    <None Include="..\data\font\res1108.png">
      <Filter>data\font</Filter>
    </None>
    <None Include="..\data\font\res1109.png">
      <Filter>data\font</Filter>
    </None>
    <None Include="..\data\font\res1110.png">
      <Filter>data\font</Filter>
    </None>
    <None Include="..\data\font\res1111.png">
      <Filter>data\font</Filter>
    </None>
    <None Include="..\data\font\res1112.png">
      <Filter>data\font</Filter>
    </None>
    <None Include="..\data\font\res1113.png">
      <Filter>data\font</Filter>
    </None>
    <None Include="..\data\font\res1114.png">
      <Filter>data\font</Filter>
    </None>
    <None Include="..\data\font\res1115.png">
      <Filter>data\font</Filter>
    </None>
    <None Include="..\data\font\res1116.png">
      <Filter>data\font</Filter>
    </None>
    <None Include="..\data\font\res1117.png">
      <Filter>data\font</Filter>
    </None>
    <None Include="..\data\font\res1118.png">
      <Filter>data\font</Filter>
    </None>
    <None Include="..\data\font\res1119.png">
      <Filter>data\font</Filter>
    </None>
    <None Include="..\data\font\res1120.png">
      <Filter>data\font</Filter>
    </None>
    <None Include="..\data\font\res1121.png">
      <Filter>data\font</Filter>
    </None>
    <None Include="..\data\font\res1122.png">
      <Filter>data\font</Filter>
    </None>
    <None Include="..\data\font\res1123.png">
      <Filter>data\font</Filter>
    </None>
    <None Include="..\data\font\res1124.png">
      <Filter>data\font</Filter>
    </None>
    <None Include="..\data\font\res1125.png">
      <Filter>data\font</Filter>
    </None>
    <None Include="..\data\font\res1126.png">
      <Filter>data\font</Filter>
    </None>
    <None Include="..\data\font\res1127.png">
      <Filter>data\font</Filter>
    </None>
    <None Include="..\data\font\res1128.png">
      <Filter>data\font</Filter>
    </None>
    <None Include="..\data\font\res1129.png">
      <Filter>data\font</Filter>
    </None>
    <None Include="..\data\font\res1130.png">
      <Filter>data\font</Filter>
    </None>
    <None Include="..\data\font\res1131.png">
      <Filter>data\font</Filter>
    </None>
    <!-- AUTO-GENERATED END -->
  </ItemGroup>
</Project>